// !$*UTF8*$!
{
	archiveVersion = 1;
	classes = {
	};
	objectVersion = 50;
	objects = {

/* Begin PBXBuildFile section */
		7F34A41D2374D40D00167482 /* AppDelegate.swift in Sources */ = {isa = PBXBuildFile; fileRef = 7F34A41C2374D40D00167482 /* AppDelegate.swift */; };
		7F34A41F2374D40D00167482 /* SceneDelegate.swift in Sources */ = {isa = PBXBuildFile; fileRef = 7F34A41E2374D40D00167482 /* SceneDelegate.swift */; };
		7F34A4212374D40D00167482 /* ViewController.swift in Sources */ = {isa = PBXBuildFile; fileRef = 7F34A4202374D40D00167482 /* ViewController.swift */; };
		7F34A4242374D40D00167482 /* Main.storyboard in Resources */ = {isa = PBXBuildFile; fileRef = 7F34A4222374D40D00167482 /* Main.storyboard */; };
		7F34A4262374D40E00167482 /* Assets.xcassets in Resources */ = {isa = PBXBuildFile; fileRef = 7F34A4252374D40E00167482 /* Assets.xcassets */; };
		7F34A4292374D40E00167482 /* LaunchScreen.storyboard in Resources */ = {isa = PBXBuildFile; fileRef = 7F34A4272374D40E00167482 /* LaunchScreen.storyboard */; };
		7F34A4342374D40E00167482 /* PruebaTests.swift in Sources */ = {isa = PBXBuildFile; fileRef = 7F34A4332374D40E00167482 /* PruebaTests.swift */; };
		7F34A43F2374D40E00167482 /* PruebaUITests.swift in Sources */ = {isa = PBXBuildFile; fileRef = 7F34A43E2374D40E00167482 /* PruebaUITests.swift */; };
/* End PBXBuildFile section */

/* Begin PBXContainerItemProxy section */
		7F34A4302374D40E00167482 /* PBXContainerItemProxy */ = {
			isa = PBXContainerItemProxy;
			containerPortal = 7F34A4112374D40C00167482 /* Project object */;
			proxyType = 1;
			remoteGlobalIDString = 7F34A4182374D40C00167482;
			remoteInfo = Prueba;
		};
		7F34A43B2374D40E00167482 /* PBXContainerItemProxy */ = {
			isa = PBXContainerItemProxy;
			containerPortal = 7F34A4112374D40C00167482 /* Project object */;
			proxyType = 1;
			remoteGlobalIDString = 7F34A4182374D40C00167482;
			remoteInfo = Prueba;
		};
/* End PBXContainerItemProxy section */

/* Begin PBXFileReference section */
		7F34A4192374D40D00167482 /* Prueba.app */ = {isa = PBXFileReference; explicitFileType = wrapper.application; includeInIndex = 0; path = Prueba.app; sourceTree = BUILT_PRODUCTS_DIR; };
		7F34A41C2374D40D00167482 /* AppDelegate.swift */ = {isa = PBXFileReference; lastKnownFileType = sourcecode.swift; path = AppDelegate.swift; sourceTree = "<group>"; };
		7F34A41E2374D40D00167482 /* SceneDelegate.swift */ = {isa = PBXFileReference; lastKnownFileType = sourcecode.swift; path = SceneDelegate.swift; sourceTree = "<group>"; };
		7F34A4202374D40D00167482 /* ViewController.swift */ = {isa = PBXFileReference; lastKnownFileType = sourcecode.swift; path = ViewController.swift; sourceTree = "<group>"; };
		7F34A4232374D40D00167482 /* Base */ = {isa = PBXFileReference; lastKnownFileType = file.storyboard; name = Base; path = Base.lproj/Main.storyboard; sourceTree = "<group>"; };
		7F34A4252374D40E00167482 /* Assets.xcassets */ = {isa = PBXFileReference; lastKnownFileType = folder.assetcatalog; path = Assets.xcassets; sourceTree = "<group>"; };
		7F34A4282374D40E00167482 /* Base */ = {isa = PBXFileReference; lastKnownFileType = file.storyboard; name = Base; path = Base.lproj/LaunchScreen.storyboard; sourceTree = "<group>"; };
		7F34A42A2374D40E00167482 /* Info.plist */ = {isa = PBXFileReference; lastKnownFileType = text.plist.xml; path = Info.plist; sourceTree = "<group>"; };
		7F34A42F2374D40E00167482 /* PruebaTests.xctest */ = {isa = PBXFileReference; explicitFileType = wrapper.cfbundle; includeInIndex = 0; path = PruebaTests.xctest; sourceTree = BUILT_PRODUCTS_DIR; };
		7F34A4332374D40E00167482 /* PruebaTests.swift */ = {isa = PBXFileReference; lastKnownFileType = sourcecode.swift; path = PruebaTests.swift; sourceTree = "<group>"; };
		7F34A4352374D40E00167482 /* Info.plist */ = {isa = PBXFileReference; lastKnownFileType = text.plist.xml; path = Info.plist; sourceTree = "<group>"; };
		7F34A43A2374D40E00167482 /* PruebaUITests.xctest */ = {isa = PBXFileReference; explicitFileType = wrapper.cfbundle; includeInIndex = 0; path = PruebaUITests.xctest; sourceTree = BUILT_PRODUCTS_DIR; };
		7F34A43E2374D40E00167482 /* PruebaUITests.swift */ = {isa = PBXFileReference; lastKnownFileType = sourcecode.swift; path = PruebaUITests.swift; sourceTree = "<group>"; };
		7F34A4402374D40E00167482 /* Info.plist */ = {isa = PBXFileReference; lastKnownFileType = text.plist.xml; path = Info.plist; sourceTree = "<group>"; };
/* End PBXFileReference section */

/* Begin PBXFrameworksBuildPhase section */
		7F34A4162374D40C00167482 /* Frameworks */ = {
			isa = PBXFrameworksBuildPhase;
			buildActionMask = 2147483647;
			files = (
			);
			runOnlyForDeploymentPostprocessing = 0;
		};
		7F34A42C2374D40E00167482 /* Frameworks */ = {
			isa = PBXFrameworksBuildPhase;
			buildActionMask = 2147483647;
			files = (
			);
			runOnlyForDeploymentPostprocessing = 0;
		};
		7F34A4372374D40E00167482 /* Frameworks */ = {
			isa = PBXFrameworksBuildPhase;
			buildActionMask = 2147483647;
			files = (
			);
			runOnlyForDeploymentPostprocessing = 0;
		};
/* End PBXFrameworksBuildPhase section */

/* Begin PBXGroup section */
		7F34A4102374D40C00167482 = {
			isa = PBXGroup;
			children = (
				7F34A41B2374D40D00167482 /* Prueba */,
				7F34A4322374D40E00167482 /* PruebaTests */,
				7F34A43D2374D40E00167482 /* PruebaUITests */,
				7F34A41A2374D40D00167482 /* Products */,
			);
			sourceTree = "<group>";
		};
		7F34A41A2374D40D00167482 /* Products */ = {
			isa = PBXGroup;
			children = (
				7F34A4192374D40D00167482 /* Prueba.app */,
				7F34A42F2374D40E00167482 /* PruebaTests.xctest */,
				7F34A43A2374D40E00167482 /* PruebaUITests.xctest */,
			);
			name = Products;
			sourceTree = "<group>";
		};
		7F34A41B2374D40D00167482 /* Prueba */ = {
			isa = PBXGroup;
			children = (
				7F34A41C2374D40D00167482 /* AppDelegate.swift */,
				7F34A41E2374D40D00167482 /* SceneDelegate.swift */,
				7F34A4202374D40D00167482 /* ViewController.swift */,
				7F34A4222374D40D00167482 /* Main.storyboard */,
				7F34A4252374D40E00167482 /* Assets.xcassets */,
				7F34A4272374D40E00167482 /* LaunchScreen.storyboard */,
				7F34A42A2374D40E00167482 /* Info.plist */,
			);
			path = Prueba;
			sourceTree = "<group>";
		};
		7F34A4322374D40E00167482 /* PruebaTests */ = {
			isa = PBXGroup;
			children = (
				7F34A4332374D40E00167482 /* PruebaTests.swift */,
				7F34A4352374D40E00167482 /* Info.plist */,
			);
			path = PruebaTests;
			sourceTree = "<group>";
		};
		7F34A43D2374D40E00167482 /* PruebaUITests */ = {
			isa = PBXGroup;
			children = (
				7F34A43E2374D40E00167482 /* PruebaUITests.swift */,
				7F34A4402374D40E00167482 /* Info.plist */,
			);
			path = PruebaUITests;
			sourceTree = "<group>";
		};
/* End PBXGroup section */

/* Begin PBXNativeTarget section */
		7F34A4182374D40C00167482 /* Prueba */ = {
			isa = PBXNativeTarget;
			buildConfigurationList = 7F34A4432374D40E00167482 /* Build configuration list for PBXNativeTarget "Prueba" */;
			buildPhases = (
				7F34A4152374D40C00167482 /* Sources */,
				7F34A4162374D40C00167482 /* Frameworks */,
				7F34A4172374D40C00167482 /* Resources */,
			);
			buildRules = (
			);
			dependencies = (
			);
			name = Prueba;
			productName = Prueba;
			productReference = 7F34A4192374D40D00167482 /* Prueba.app */;
			productType = "com.apple.product-type.application";
		};
		7F34A42E2374D40E00167482 /* PruebaTests */ = {
			isa = PBXNativeTarget;
			buildConfigurationList = 7F34A4462374D40E00167482 /* Build configuration list for PBXNativeTarget "PruebaTests" */;
			buildPhases = (
				7F34A42B2374D40E00167482 /* Sources */,
				7F34A42C2374D40E00167482 /* Frameworks */,
				7F34A42D2374D40E00167482 /* Resources */,
			);
			buildRules = (
			);
			dependencies = (
				7F34A4312374D40E00167482 /* PBXTargetDependency */,
			);
			name = PruebaTests;
			productName = PruebaTests;
			productReference = 7F34A42F2374D40E00167482 /* PruebaTests.xctest */;
			productType = "com.apple.product-type.bundle.unit-test";
		};
		7F34A4392374D40E00167482 /* PruebaUITests */ = {
			isa = PBXNativeTarget;
			buildConfigurationList = 7F34A4492374D40E00167482 /* Build configuration list for PBXNativeTarget "PruebaUITests" */;
			buildPhases = (
				7F34A4362374D40E00167482 /* Sources */,
				7F34A4372374D40E00167482 /* Frameworks */,
				7F34A4382374D40E00167482 /* Resources */,
			);
			buildRules = (
			);
			dependencies = (
				7F34A43C2374D40E00167482 /* PBXTargetDependency */,
			);
			name = PruebaUITests;
			productName = PruebaUITests;
			productReference = 7F34A43A2374D40E00167482 /* PruebaUITests.xctest */;
			productType = "com.apple.product-type.bundle.ui-testing";
		};
/* End PBXNativeTarget section */

/* Begin PBXProject section */
		7F34A4112374D40C00167482 /* Project object */ = {
			isa = PBXProject;
			attributes = {
				LastSwiftUpdateCheck = 1110;
				LastUpgradeCheck = 1110;
				ORGANIZATIONNAME = Unam;
				TargetAttributes = {
					7F34A4182374D40C00167482 = {
						CreatedOnToolsVersion = 11.1;
					};
					7F34A42E2374D40E00167482 = {
						CreatedOnToolsVersion = 11.1;
						TestTargetID = 7F34A4182374D40C00167482;
					};
					7F34A4392374D40E00167482 = {
						CreatedOnToolsVersion = 11.1;
						TestTargetID = 7F34A4182374D40C00167482;
					};
				};
			};
			buildConfigurationList = 7F34A4142374D40C00167482 /* Build configuration list for PBXProject "Prueba" */;
			compatibilityVersion = "Xcode 9.3";
			developmentRegion = en;
			hasScannedForEncodings = 0;
			knownRegions = (
				en,
				Base,
			);
			mainGroup = 7F34A4102374D40C00167482;
			productRefGroup = 7F34A41A2374D40D00167482 /* Products */;
			projectDirPath = "";
			projectRoot = "";
			targets = (
				7F34A4182374D40C00167482 /* Prueba */,
				7F34A42E2374D40E00167482 /* PruebaTests */,
				7F34A4392374D40E00167482 /* PruebaUITests */,
			);
		};
/* End PBXProject section */

/* Begin PBXResourcesBuildPhase section */
		7F34A4172374D40C00167482 /* Resources */ = {
			isa = PBXResourcesBuildPhase;
			buildActionMask = 2147483647;
			files = (
				7F34A4292374D40E00167482 /* LaunchScreen.storyboard in Resources */,
				7F34A4262374D40E00167482 /* Assets.xcassets in Resources */,
				7F34A4242374D40D00167482 /* Main.storyboard in Resources */,
			);
			runOnlyForDeploymentPostprocessing = 0;
		};
		7F34A42D2374D40E00167482 /* Resources */ = {
			isa = PBXResourcesBuildPhase;
			buildActionMask = 2147483647;
			files = (
			);
			runOnlyForDeploymentPostprocessing = 0;
		};
		7F34A4382374D40E00167482 /* Resources */ = {
			isa = PBXResourcesBuildPhase;
			buildActionMask = 2147483647;
			files = (
			);
			runOnlyForDeploymentPostprocessing = 0;
		};
/* End PBXResourcesBuildPhase section */

/* Begin PBXSourcesBuildPhase section */
		7F34A4152374D40C00167482 /* Sources */ = {
			isa = PBXSourcesBuildPhase;
			buildActionMask = 2147483647;
			files = (
				7F34A4212374D40D00167482 /* ViewController.swift in Sources */,
				7F34A41D2374D40D00167482 /* AppDelegate.swift in Sources */,
				7F34A41F2374D40D00167482 /* SceneDelegate.swift in Sources */,
			);
			runOnlyForDeploymentPostprocessing = 0;
		};
		7F34A42B2374D40E00167482 /* Sources */ = {
			isa = PBXSourcesBuildPhase;
			buildActionMask = 2147483647;
			files = (
				7F34A4342374D40E00167482 /* PruebaTests.swift in Sources */,
			);
			runOnlyForDeploymentPostprocessing = 0;
		};
		7F34A4362374D40E00167482 /* Sources */ = {
			isa = PBXSourcesBuildPhase;
			buildActionMask = 2147483647;
			files = (
				7F34A43F2374D40E00167482 /* PruebaUITests.swift in Sources */,
			);
			runOnlyForDeploymentPostprocessing = 0;
		};
/* End PBXSourcesBuildPhase section */

/* Begin PBXTargetDependency section */
		7F34A4312374D40E00167482 /* PBXTargetDependency */ = {
			isa = PBXTargetDependency;
			target = 7F34A4182374D40C00167482 /* Prueba */;
			targetProxy = 7F34A4302374D40E00167482 /* PBXContainerItemProxy */;
		};
		7F34A43C2374D40E00167482 /* PBXTargetDependency */ = {
			isa = PBXTargetDependency;
			target = 7F34A4182374D40C00167482 /* Prueba */;
			targetProxy = 7F34A43B2374D40E00167482 /* PBXContainerItemProxy */;
		};
/* End PBXTargetDependency section */

/* Begin PBXVariantGroup section */
		7F34A4222374D40D00167482 /* Main.storyboard */ = {
			isa = PBXVariantGroup;
			children = (
				7F34A4232374D40D00167482 /* Base */,
			);
			name = Main.storyboard;
			sourceTree = "<group>";
		};
		7F34A4272374D40E00167482 /* LaunchScreen.storyboard */ = {
			isa = PBXVariantGroup;
			children = (
				7F34A4282374D40E00167482 /* Base */,
			);
			name = LaunchScreen.storyboard;
			sourceTree = "<group>";
		};
/* End PBXVariantGroup section */

/* Begin XCBuildConfiguration section */
		7F34A4412374D40E00167482 /* Debug */ = {
			isa = XCBuildConfiguration;
			buildSettings = {
				ALWAYS_SEARCH_USER_PATHS = NO;
				CLANG_ANALYZER_NONNULL = YES;
				CLANG_ANALYZER_NUMBER_OBJECT_CONVERSION = YES_AGGRESSIVE;
				CLANG_CXX_LANGUAGE_STANDARD = "gnu++14";
				CLANG_CXX_LIBRARY = "libc++";
				CLANG_ENABLE_MODULES = YES;
				CLANG_ENABLE_OBJC_ARC = YES;
				CLANG_ENABLE_OBJC_WEAK = YES;
				CLANG_WARN_BLOCK_CAPTURE_AUTORELEASING = YES;
				CLANG_WARN_BOOL_CONVERSION = YES;
				CLANG_WARN_COMMA = YES;
				CLANG_WARN_CONSTANT_CONVERSION = YES;
				CLANG_WARN_DEPRECATED_OBJC_IMPLEMENTATIONS = YES;
				CLANG_WARN_DIRECT_OBJC_ISA_USAGE = YES_ERROR;
				CLANG_WARN_DOCUMENTATION_COMMENTS = YES;
				CLANG_WARN_EMPTY_BODY = YES;
				CLANG_WARN_ENUM_CONVERSION = YES;
				CLANG_WARN_INFINITE_RECURSION = YES;
				CLANG_WARN_INT_CONVERSION = YES;
				CLANG_WARN_NON_LITERAL_NULL_CONVERSION = YES;
				CLANG_WARN_OBJC_IMPLICIT_RETAIN_SELF = YES;
				CLANG_WARN_OBJC_LITERAL_CONVERSION = YES;
				CLANG_WARN_OBJC_ROOT_CLASS = YES_ERROR;
				CLANG_WARN_RANGE_LOOP_ANALYSIS = YES;
				CLANG_WARN_STRICT_PROTOTYPES = YES;
				CLANG_WARN_SUSPICIOUS_MOVE = YES;
				CLANG_WARN_UNGUARDED_AVAILABILITY = YES_AGGRESSIVE;
				CLANG_WARN_UNREACHABLE_CODE = YES;
				CLANG_WARN__DUPLICATE_METHOD_MATCH = YES;
				COPY_PHASE_STRIP = NO;
				DEBUG_INFORMATION_FORMAT = dwarf;
				ENABLE_STRICT_OBJC_MSGSEND = YES;
				ENABLE_TESTABILITY = YES;
				GCC_C_LANGUAGE_STANDARD = gnu11;
				GCC_DYNAMIC_NO_PIC = NO;
				GCC_NO_COMMON_BLOCKS = YES;
				GCC_OPTIMIZATION_LEVEL = 0;
				GCC_PREPROCESSOR_DEFINITIONS = (
					"DEBUG=1",
					"$(inherited)",
				);
				GCC_WARN_64_TO_32_BIT_CONVERSION = YES;
				GCC_WARN_ABOUT_RETURN_TYPE = YES_ERROR;
				GCC_WARN_UNDECLARED_SELECTOR = YES;
				GCC_WARN_UNINITIALIZED_AUTOS = YES_AGGRESSIVE;
				GCC_WARN_UNUSED_FUNCTION = YES;
				GCC_WARN_UNUSED_VARIABLE = YES;
				IPHONEOS_DEPLOYMENT_TARGET = 13.1;
				MTL_ENABLE_DEBUG_INFO = INCLUDE_SOURCE;
				MTL_FAST_MATH = YES;
				ONLY_ACTIVE_ARCH = YES;
				SDKROOT = iphoneos;
				SWIFT_ACTIVE_COMPILATION_CONDITIONS = DEBUG;
				SWIFT_OPTIMIZATION_LEVEL = "-Onone";
			};
			name = Debug;
		};
		7F34A4422374D40E00167482 /* Release */ = {
			isa = XCBuildConfiguration;
			buildSettings = {
				ALWAYS_SEARCH_USER_PATHS = NO;
				CLANG_ANALYZER_NONNULL = YES;
				CLANG_ANALYZER_NUMBER_OBJECT_CONVERSION = YES_AGGRESSIVE;
				CLANG_CXX_LANGUAGE_STANDARD = "gnu++14";
				CLANG_CXX_LIBRARY = "libc++";
				CLANG_ENABLE_MODULES = YES;
				CLANG_ENABLE_OBJC_ARC = YES;
				CLANG_ENABLE_OBJC_WEAK = YES;
				CLANG_WARN_BLOCK_CAPTURE_AUTORELEASING = YES;
				CLANG_WARN_BOOL_CONVERSION = YES;
				CLANG_WARN_COMMA = YES;
				CLANG_WARN_CONSTANT_CONVERSION = YES;
				CLANG_WARN_DEPRECATED_OBJC_IMPLEMENTATIONS = YES;
				CLANG_WARN_DIRECT_OBJC_ISA_USAGE = YES_ERROR;
				CLANG_WARN_DOCUMENTATION_COMMENTS = YES;
				CLANG_WARN_EMPTY_BODY = YES;
				CLANG_WARN_ENUM_CONVERSION = YES;
				CLANG_WARN_INFINITE_RECURSION = YES;
				CLANG_WARN_INT_CONVERSION = YES;
				CLANG_WARN_NON_LITERAL_NULL_CONVERSION = YES;
				CLANG_WARN_OBJC_IMPLICIT_RETAIN_SELF = YES;
				CLANG_WARN_OBJC_LITERAL_CONVERSION = YES;
				CLANG_WARN_OBJC_ROOT_CLASS = YES_ERROR;
				CLANG_WARN_RANGE_LOOP_ANALYSIS = YES;
				CLANG_WARN_STRICT_PROTOTYPES = YES;
				CLANG_WARN_SUSPICIOUS_MOVE = YES;
				CLANG_WARN_UNGUARDED_AVAILABILITY = YES_AGGRESSIVE;
				CLANG_WARN_UNREACHABLE_CODE = YES;
				CLANG_WARN__DUPLICATE_METHOD_MATCH = YES;
				COPY_PHASE_STRIP = NO;
				DEBUG_INFORMATION_FORMAT = "dwarf-with-dsym";
				ENABLE_NS_ASSERTIONS = NO;
				ENABLE_STRICT_OBJC_MSGSEND = YES;
				GCC_C_LANGUAGE_STANDARD = gnu11;
				GCC_NO_COMMON_BLOCKS = YES;
				GCC_WARN_64_TO_32_BIT_CONVERSION = YES;
				GCC_WARN_ABOUT_RETURN_TYPE = YES_ERROR;
				GCC_WARN_UNDECLARED_SELECTOR = YES;
				GCC_WARN_UNINITIALIZED_AUTOS = YES_AGGRESSIVE;
				GCC_WARN_UNUSED_FUNCTION = YES;
				GCC_WARN_UNUSED_VARIABLE = YES;
				IPHONEOS_DEPLOYMENT_TARGET = 13.1;
				MTL_ENABLE_DEBUG_INFO = NO;
				MTL_FAST_MATH = YES;
				SDKROOT = iphoneos;
				SWIFT_COMPILATION_MODE = wholemodule;
				SWIFT_OPTIMIZATION_LEVEL = "-O";
				VALIDATE_PRODUCT = YES;
			};
			name = Release;
		};
		7F34A4442374D40E00167482 /* Debug */ = {
			isa = XCBuildConfiguration;
			buildSettings = {
				ASSETCATALOG_COMPILER_APPICON_NAME = AppIcon;
				CODE_SIGN_STYLE = Automatic;
				INFOPLIST_FILE = Prueba/Info.plist;
				LD_RUNPATH_SEARCH_PATHS = (
					"$(inherited)",
					"@executable_path/Frameworks",
				);
				PRODUCT_BUNDLE_IDENTIFIER = denisse.Prueba;
				PRODUCT_NAME = "$(TARGET_NAME)";
				SWIFT_VERSION = 5.0;
				TARGETED_DEVICE_FAMILY = "1,2";
			};
			name = Debug;
		};
		7F34A4452374D40E00167482 /* Release */ = {
			isa = XCBuildConfiguration;
			buildSettings = {
				ASSETCATALOG_COMPILER_APPICON_NAME = AppIcon;
				CODE_SIGN_STYLE = Automatic;
				INFOPLIST_FILE = Prueba/Info.plist;
				LD_RUNPATH_SEARCH_PATHS = (
					"$(inherited)",
					"@executable_path/Frameworks",
				);
				PRODUCT_BUNDLE_IDENTIFIER = denisse.Prueba;
				PRODUCT_NAME = "$(TARGET_NAME)";
				SWIFT_VERSION = 5.0;
				TARGETED_DEVICE_FAMILY = "1,2";
			};
			name = Release;
		};
		7F34A4472374D40E00167482 /* Debug */ = {
			isa = XCBuildConfiguration;
			buildSettings = {
				ALWAYS_EMBED_SWIFT_STANDARD_LIBRARIES = YES;
				BUNDLE_LOADER = "$(TEST_HOST)";
				CODE_SIGN_STYLE = Automatic;
				INFOPLIST_FILE = PruebaTests/Info.plist;
				IPHONEOS_DEPLOYMENT_TARGET = 13.1;
				LD_RUNPATH_SEARCH_PATHS = (
					"$(inherited)",
					"@executable_path/Frameworks",
					"@loader_path/Frameworks",
				);
				PRODUCT_BUNDLE_IDENTIFIER = denisse.PruebaTests;
				PRODUCT_NAME = "$(TARGET_NAME)";
				SWIFT_VERSION = 5.0;
				TARGETED_DEVICE_FAMILY = "1,2";
				TEST_HOST = "$(BUILT_PRODUCTS_DIR)/Prueba.app/Prueba";
			};
			name = Debug;
		};
		7F34A4482374D40E00167482 /* Release */ = {
			isa = XCBuildConfiguration;
			buildSettings = {
				ALWAYS_EMBED_SWIFT_STANDARD_LIBRARIES = YES;
				BUNDLE_LOADER = "$(TEST_HOST)";
				CODE_SIGN_STYLE = Automatic;
				INFOPLIST_FILE = PruebaTests/Info.plist;
				IPHONEOS_DEPLOYMENT_TARGET = 13.1;
				LD_RUNPATH_SEARCH_PATHS = (
					"$(inherited)",
					"@executable_path/Frameworks",
					"@loader_path/Frameworks",
				);
				PRODUCT_BUNDLE_IDENTIFIER = denisse.PruebaTests;
				PRODUCT_NAME = "$(TARGET_NAME)";
				SWIFT_VERSION = 5.0;
				TARGETED_DEVICE_FAMILY = "1,2";
				TEST_HOST = "$(BUILT_PRODUCTS_DIR)/Prueba.app/Prueba";
			};
			name = Release;
		};
		7F34A44A2374D40E00167482 /* Debug */ = {
			isa = XCBuildConfiguration;
			buildSettings = {
				ALWAYS_EMBED_SWIFT_STANDARD_LIBRARIES = YES;
				CODE_SIGN_STYLE = Automatic;
				INFOPLIST_FILE = PruebaUITests/Info.plist;
				LD_RUNPATH_SEARCH_PATHS = (
					"$(inherited)",
					"@executable_path/Frameworks",
					"@loader_path/Frameworks",
				);
				PRODUCT_BUNDLE_IDENTIFIER = denisse.PruebaUITests;
				PRODUCT_NAME = "$(TARGET_NAME)";
				SWIFT_VERSION = 5.0;
				TARGETED_DEVICE_FAMILY = "1,2";
				TEST_TARGET_NAME = Prueba;
			};
			name = Debug;
		};
		7F34A44B2374D40E00167482 /* Release */ = {
			isa = XCBuildConfiguration;
			buildSettings = {
				ALWAYS_EMBED_SWIFT_STANDARD_LIBRARIES = YES;
				CODE_SIGN_STYLE = Automatic;
				INFOPLIST_FILE = PruebaUITests/Info.plist;
				LD_RUNPATH_SEARCH_PATHS = (
					"$(inherited)",
					"@executable_path/Frameworks",
					"@loader_path/Frameworks",
				);
				PRODUCT_BUNDLE_IDENTIFIER = denisse.PruebaUITests;
				PRODUCT_NAME = "$(TARGET_NAME)";
				SWIFT_VERSION = 5.0;
				TARGETED_DEVICE_FAMILY = "1,2";
				TEST_TARGET_NAME = Prueba;
			};
			name = Release;
		};
/* End XCBuildConfiguration section */

/* Begin XCConfigurationList section */
		7F34A4142374D40C00167482 /* Build configuration list for PBXProject "Prueba" */ = {
			isa = XCConfigurationList;
			buildConfigurations = (
				7F34A4412374D40E00167482 /* Debug */,
				7F34A4422374D40E00167482 /* Release */,
			);
			defaultConfigurationIsVisible = 0;
			defaultConfigurationName = Release;
		};
		7F34A4432374D40E00167482 /* Build configuration list for PBXNativeTarget "Prueba" */ = {
			isa = XCConfigurationList;
			buildConfigurations = (
				7F34A4442374D40E00167482 /* Debug */,
				7F34A4452374D40E00167482 /* Release */,
			);
			defaultConfigurationIsVisible = 0;
			defaultConfigurationName = Release;
		};
		7F34A4462374D40E00167482 /* Build configuration list for PBXNativeTarget "PruebaTests" */ = {
			isa = XCConfigurationList;
			buildConfigurations = (
				7F34A4472374D40E00167482 /* Debug */,
				7F34A4482374D40E00167482 /* Release */,
			);
			defaultConfigurationIsVisible = 0;
			defaultConfigurationName = Release;
		};
		7F34A4492374D40E00167482 /* Build configuration list for PBXNativeTarget "PruebaUITests" */ = {
			isa = XCConfigurationList;
			buildConfigurations = (
				7F34A44A2374D40E00167482 /* Debug */,
				7F34A44B2374D40E00167482 /* Release */,
			);
			defaultConfigurationIsVisible = 0;
			defaultConfigurationName = Release;
		};
/* End XCConfigurationList section */
	};
	rootObject = 7F34A4112374D40C00167482 /* Project object */;
}
